
Microsoft Visual Studio Solution File, Format Version 12.00
# Visual Studio 14
VisualStudioVersion = 14.0.24720.0
MinimumVisualStudioVersion = 10.0.40219.1
Project("{FAE04EC0-301F-11D3-BF4B-00C04F79EFBC}") = "Quiron.LojaVirtual.Dominio", "Quiron.LojaVirtual.Dominio\Quiron.LojaVirtual.Dominio.csproj", "{A9BA2DE9-1C6B-4374-BFE1-031FB292A1C8}"
EndProject
Project("{FAE04EC0-301F-11D3-BF4B-00C04F79EFBC}") = "Quiron.LojaVirtual.Web", "Quiron.LojaVirtual.Web\Quiron.LojaVirtual.Web.csproj", "{CC6F89F5-F958-46A7-96FB-B1D3AEA29716}"
EndProject
Project("{FAE04EC0-301F-11D3-BF4B-00C04F79EFBC}") = "Quiron.LojaVirtual.UnitTest", "Quiron.LojaVirtual.UnitTest\Quiron.LojaVirtual.UnitTest.csproj", "{DD0D395B-E00E-4C76-9F22-81F0E1563E11}"
EndProject
Global
	GlobalSection(SolutionConfigurationPlatforms) = preSolution
		Debug|Any CPU = Debug|Any CPU
		Release|Any CPU = Release|Any CPU
	EndGlobalSection
	GlobalSection(ProjectConfigurationPlatforms) = postSolution
		{A9BA2DE9-1C6B-4374-BFE1-031FB292A1C8}.Debug|Any CPU.ActiveCfg = Debug|Any CPU
		{A9BA2DE9-1C6B-4374-BFE1-031FB292A1C8}.Debug|Any CPU.Build.0 = Debug|Any CPU
		{A9BA2DE9-1C6B-4374-BFE1-031FB292A1C8}.Release|Any CPU.ActiveCfg = Release|Any CPU
		{A9BA2DE9-1C6B-4374-BFE1-031FB292A1C8}.Release|Any CPU.Build.0 = Release|Any CPU
		{CC6F89F5-F958-46A7-96FB-B1D3AEA29716}.Debug|Any CPU.ActiveCfg = Debug|Any CPU
		{CC6F89F5-F958-46A7-96FB-B1D3AEA29716}.Debug|Any CPU.Build.0 = Debug|Any CPU
		{CC6F89F5-F958-46A7-96FB-B1D3AEA29716}.Release|Any CPU.ActiveCfg = Release|Any CPU
		{CC6F89F5-F958-46A7-96FB-B1D3AEA29716}.Release|Any CPU.Build.0 = Release|Any CPU
		{DD0D395B-E00E-4C76-9F22-81F0E1563E11}.Debug|Any CPU.ActiveCfg = Debug|Any CPU
		{DD0D395B-E00E-4C76-9F22-81F0E1563E11}.Debug|Any CPU.Build.0 = Debug|Any CPU
		{DD0D395B-E00E-4C76-9F22-81F0E1563E11}.Release|Any CPU.ActiveCfg = Release|Any CPU
		{DD0D395B-E00E-4C76-9F22-81F0E1563E11}.Release|Any CPU.Build.0 = Release|Any CPU
	EndGlobalSection
	GlobalSection(SolutionProperties) = preSolution
		HideSolutionNode = FALSE
	EndGlobalSection
EndGlobal
